
Microsoft Visual Studio Solution File, Format Version 12.00
# Visual Studio 15
VisualStudioVersion = 15.0.28307.168
MinimumVisualStudioVersion = 10.0.40219.1
Project("{FAE04EC0-301F-11D3-BF4B-00C04F79EFBC}") = "HTML-CSS-Exercice-4", "HTML-CSS-Exercice-4\HTML-CSS-Exercice-4.csproj", "{FCA47D59-2FE9-4A38-8C54-0B1C57A92D05}"
EndProject
Global
	GlobalSection(SolutionConfigurationPlatforms) = preSolution
		Debug|Any CPU = Debug|Any CPU
		Release|Any CPU = Release|Any CPU
	EndGlobalSection
	GlobalSection(ProjectConfigurationPlatforms) = postSolution
		{FCA47D59-2FE9-4A38-8C54-0B1C57A92D05}.Debug|Any CPU.ActiveCfg = Debug|Any CPU
		{FCA47D59-2FE9-4A38-8C54-0B1C57A92D05}.Debug|Any CPU.Build.0 = Debug|Any CPU
		{FCA47D59-2FE9-4A38-8C54-0B1C57A92D05}.Release|Any CPU.ActiveCfg = Release|Any CPU
		{FCA47D59-2FE9-4A38-8C54-0B1C57A92D05}.Release|Any CPU.Build.0 = Release|Any CPU
	EndGlobalSection
	GlobalSection(SolutionProperties) = preSolution
		HideSolutionNode = FALSE
	EndGlobalSection
	GlobalSection(ExtensibilityGlobals) = postSolution
		SolutionGuid = {4D77D132-B708-4434-ABB8-4999F064D544}
	EndGlobalSection
EndGlobal
